{
  "name": "koth-bot",
  "version": "1.0.0",
  "lockfileVersion": 3,
  "requires": true,
  "packages": {
    "": {
      "name": "koth-bot",
      "version": "1.0.0",
      "license": "ISC",
      "dependencies": {
        "@pkmn/client": "^0.7.3",
        "@pkmn/dex": "^0.10.11",
        "@pkmn/protocol": "^0.7.3",
        "@pkmn/sim": "^0.10.11",
        "@smogon/calc": "^0.12.0",
        "ws": "^8.21.3"
      }
    },
    "node_modules/@pkmn/client": {
      "version": "0.7.3",
      "resolved": "https://registry.npmjs.org/@pkmn/client/-/client-0.7.3.tgz",
      "integrity": "sha512-cFiibV4SdG7Q1OX0fhLfkUDlOhAIcMz0ENh4Vw758nxsCKlAU5ik5DN8JkKLGYyrL5tkwN1l3blHsWCJ3wbyLg==",
      "license": "MIT",
      "dependencies": {
        "@pkmn/data": "^0.10.8",
        "@pkmn/protocol": "^0.7.3"
      }
    },
    "node_modules/@pkmn/data": {
      "version": "0.10.11",
      "resolved": "https://registry.npmjs.org/@pkmn/data/-/data-0.10.11.tgz",
      "integrity": "sha512-WZiOOZEdIJybC1M2EJVazx+OKH5Hh544cPhNnjgNjn3B0LORP82YkL4jpZqkww+NoIHIXMvJBYLKg3GZBNm4kQ==",
      "license": "MIT",
      "dependencies": {
        "@pkmn/dex-types": "^0.10.11"
      }
    },
    "node_modules/@pkmn/dex": {
      "version": "0.10.11",
      "resolved": "https://registry.npmjs.org/@pkmn/dex/-/dex-0.10.11.tgz",
      "integrity": "sha512-htR2Etf3WCiu4k4ukmyYD94do97sTm9LfmxJ8tg2uuPGJsZ98ZZGlJFUZNltfXU0pO61ItiU6obRXTw05qipDQ==",
      "license": "MIT",
      "dependencies": {
        "@pkmn/dex-types": "^0.10.11"
      }
    },
    "node_modules/@pkmn/dex-types": {
      "version": "0.10.11",
      "resolved": "https://registry.npmjs.org/@pkmn/dex-types/-/dex-types-0.10.11.tgz",
      "integrity": "sha512-6hvvi/iHCdBbUGK7RmWPCKuZGujEC+1elvxcLK2BpL/j7Q0roSuC33xrodDsyg2EuyJ5szGunzRtFztyrtb7aQ==",
      "license": "MIT",
      "dependencies": {
        "@pkmn/types": "^4.0.0"
      }
    },
    "node_modules/@pkmn/protocol": {
      "version": "0.7.3",
      "resolved": "https://registry.npmjs.org/@pkmn/protocol/-/protocol-0.7.3.tgz",
      "integrity": "sha512-ohSQhckON0OWf/0rlO3gioiR0pFdI/0YNh4lUtsFyrJ2ntrpdsF/n3tasFo2Mxag0fuWNsIGo9lwCFNbxSdi1A==",
      "license": "MIT",
      "dependencies": {
        "@pkmn/types": "^4.0.0"
      },
      "bin": {
        "generate-handler": "generate-handler",
        "protocol-verifier": "protocol-verifier"
      }
    },
    "node_modules/@pkmn/sets": {
      "version": "5.2.0",
      "resolved": "https://registry.npmjs.org/@pkmn/sets/-/sets-5.2.0.tgz",
      "integrity": "sha512-WHAW6bZu0WCo/3b+LTW7BE0fBhYZnWH1lCXIu2an8/wTiZ/+s1eTcQYj7W/YQKxWT5dm/La03AZ6CeqdJip9CQ==",
      "license": "MIT",
      "dependencies": {
        "@pkmn/types": "^4.0.0"
      }
    },
    "node_modules/@pkmn/sim": {
      "version": "0.10.11",
      "resolved": "https://registry.npmjs.org/@pkmn/sim/-/sim-0.10.11.tgz",
      "integrity": "sha512-v45jqIgFnEB3hc7e97QlWDnfkIef6mfZ0WjWHWw+f21cYyksGVLzxIEulR9xuOazeszA+ycDx6O6B3JOJAS5Xg==",
      "license": "MIT",
      "dependencies": {
        "@pkmn/sets": "^5.2.0",
        "@pkmn/streams": "^1.1.0",
        "ts-chacha20": "^1.2.0"
      }
    },
    "node_modules/@pkmn/streams": {
      "version": "1.1.0",
      "resolved": "https://registry.npmjs.org/@pkmn/streams/-/streams-1.1.0.tgz",
      "integrity": "sha512-Pp9k7gt4xd76DqTU+LQEUyzuaauM4bV1MlehVtX1NS7o9zMFtjw50MfaEQ62dIMZyzxNjsJGoLGBeY1iSYLsRA==",
      "license": "MIT"
    },
    "node_modules/@pkmn/types": {
      "version": "4.0.0",
      "resolved": "https://registry.npmjs.org/@pkmn/types/-/types-4.0.0.tgz",
      "integrity": "sha512-gR2s/pxJYEegek1TtsYCQupNR3d5hMlcJFsiD+2LyfKr4tc+gETTql47tWLX5mFSbPcbXh7f4+7txlMIDoZx/g==",
      "license": "MIT"
    },
    "node_modules/@smogon/calc": {
      "version": "0.12.0",
      "resolved": "https://registry.npmjs.org/@smogon/calc/-/calc-0.12.0.tgz",
      "integrity": "sha512-rNkdYV/ZGIugxD+hZlHdDaZLdGPYRIm+AaMFM18X2T2Pf8jpuuro9aoeiaZh51zcRR4tN3NRjSPoEXZ5ZDTuuA==",
      "license": "MIT",
      "dependencies": {
        "@types/node": "^18.14.2"
      }
    },
    "node_modules/@types/node": {
      "version": "18.19.130",
      "resolved": "https://registry.npmjs.org/@types/node/-/node-18.19.130.tgz",
      "integrity": "sha512-GRaXQx6jGfL8sKfaIDD6OupbIHBr9jv7Jnaml9tB7l4v068PAOXqfcujMMo5PhbIs6ggR1XODELqahT2R8v0fg==",
      "license": "MIT",
      "dependencies": {
        "undici-types": "~5.26.4"
      }
    },
    "node_modules/ts-chacha20": {
      "version": "1.2.0",
      "resolved": "https://registry.npmjs.org/ts-chacha20/-/ts-chacha20-1.2.0.tgz",
      "integrity": "sha512-PTyPoWYHc2we8P2NTn5hpYG211popWbkjiw+k63xqjeMrx9pPtXSclz9F3fu0Tpr+vfR1xxcQFwsEkh1cXMLqw==",
      "license": "MIT"
    },
    "node_modules/undici-types": {
      "version": "5.26.5",
      "resolved": "https://registry.npmjs.org/undici-types/-/undici-types-5.26.5.tgz",
      "integrity": "sha512-JlCMO+ehdEIKqlFxk6IfVoAUVmgz7cU7zD/h9XZ0qzeosSHmUJVOzSQvvYSYWXkFXC+IfLKSIffhv0sVZup6pA==",
      "license": "MIT"
    },
    "node_modules/ws": {
      "version": "8.21.3",
      "resolved": "https://registry.npmjs.org/ws/-/ws-8.21.3.tgz",
      "integrity": "sha512-201TZ/kPWxoPr/OKWjquZR1SWKXcvxdH+e1xrx89b3YbmzLMFCLfnaG1HFIgWzJOEWZ7MvpK++odZufgYR50Rw==",
      "license": "MIT",
      "engines": {
        "node": ">=10.0.0"
      },
      "peerDependencies": {
        "bufferutil": "^4.0.1",
        "utf-8-validate": ">=5.0.2"
      },
      "peerDependenciesMeta": {
        "bufferutil": {
          "optional": true
        },
        "utf-8-validate": {
          "optional": true
        }
      }
    }
  }
}
